
Microsoft Visual Studio Solution File, Format Version 12.00
# Visual Studio Version 17
VisualStudioVersion = 17.13.35828.75 d17.13
MinimumVisualStudioVersion = 10.0.40219.1
Project("{FAE04EC0-301F-11D3-BF4B-00C04F79EFBC}") = "latihan1", "latihan1.csproj", "{10746BA6-B336-4D28-A67A-FEFEED81242B}"
EndProject
Global
	GlobalSection(SolutionConfigurationPlatforms) = preSolution
		Debug|Any CPU = Debug|Any CPU
		Release|Any CPU = Release|Any CPU
	EndGlobalSection
	GlobalSection(ProjectConfigurationPlatforms) = postSolution
		{10746BA6-B336-4D28-A67A-FEFEED81242B}.Debug|Any CPU.ActiveCfg = Debug|Any CPU
		{10746BA6-B336-4D28-A67A-FEFEED81242B}.Debug|Any CPU.Build.0 = Debug|Any CPU
		{10746BA6-B336-4D28-A67A-FEFEED81242B}.Release|Any CPU.ActiveCfg = Release|Any CPU
		{10746BA6-B336-4D28-A67A-FEFEED81242B}.Release|Any CPU.Build.0 = Release|Any CPU
	EndGlobalSection
	GlobalSection(SolutionProperties) = preSolution
		HideSolutionNode = FALSE
	EndGlobalSection
	GlobalSection(ExtensibilityGlobals) = postSolution
		SolutionGuid = {A0BCBF91-7F1B-417A-A200-B5A5B60D672F}
	EndGlobalSection
EndGlobal
